// !$*UTF8*$!
{
	archiveVersion = 1;
	classes = {
	};
	objectVersion = 56;
	objects = {

/* Begin PBXBuildFile section */
		31FCD86B2956E20F008AE1C1 /* Githubdemo3App.swift in Sources */ = {isa = PBXBuildFile; fileRef = 31FCD86A2956E20F008AE1C1 /* Githubdemo3App.swift */; };
		31FCD86D2956E20F008AE1C1 /* ContentView.swift in Sources */ = {isa = PBXBuildFile; fileRef = 31FCD86C2956E20F008AE1C1 /* ContentView.swift */; };
		31FCD86F2956E211008AE1C1 /* Assets.xcassets in Resources */ = {isa = PBXBuildFile; fileRef = 31FCD86E2956E211008AE1C1 /* Assets.xcassets */; };
		31FCD8722956E211008AE1C1 /* Preview Assets.xcassets in Resources */ = {isa = PBXBuildFile; fileRef = 31FCD8712956E211008AE1C1 /* Preview Assets.xcassets */; };
		31FCD87D2956E212008AE1C1 /* Githubdemo3Tests.swift in Sources */ = {isa = PBXBuildFile; fileRef = 31FCD87C2956E212008AE1C1 /* Githubdemo3Tests.swift */; };
		31FCD8872956E212008AE1C1 /* Githubdemo3UITests.swift in Sources */ = {isa = PBXBuildFile; fileRef = 31FCD8862956E212008AE1C1 /* Githubdemo3UITests.swift */; };
		31FCD8892956E212008AE1C1 /* Githubdemo3UITestsLaunchTests.swift in Sources */ = {isa = PBXBuildFile; fileRef = 31FCD8882956E212008AE1C1 /* Githubdemo3UITestsLaunchTests.swift */; };
/* End PBXBuildFile section */

/* Begin PBXContainerItemProxy section */
		31FCD8792956E212008AE1C1 /* PBXContainerItemProxy */ = {
			isa = PBXContainerItemProxy;
			containerPortal = 31FCD85F2956E20F008AE1C1 /* Project object */;
			proxyType = 1;
			remoteGlobalIDString = 31FCD8662956E20F008AE1C1;
			remoteInfo = Githubdemo3;
		};
		31FCD8832956E212008AE1C1 /* PBXContainerItemProxy */ = {
			isa = PBXContainerItemProxy;
			containerPortal = 31FCD85F2956E20F008AE1C1 /* Project object */;
			proxyType = 1;
			remoteGlobalIDString = 31FCD8662956E20F008AE1C1;
			remoteInfo = Githubdemo3;
		};
/* End PBXContainerItemProxy section */

/* Begin PBXFileReference section */
		31FCD8672956E20F008AE1C1 /* Githubdemo3.app */ = {isa = PBXFileReference; explicitFileType = wrapper.application; includeInIndex = 0; path = Githubdemo3.app; sourceTree = BUILT_PRODUCTS_DIR; };
		31FCD86A2956E20F008AE1C1 /* Githubdemo3App.swift */ = {isa = PBXFileReference; lastKnownFileType = sourcecode.swift; path = Githubdemo3App.swift; sourceTree = "<group>"; };
		31FCD86C2956E20F008AE1C1 /* ContentView.swift */ = {isa = PBXFileReference; lastKnownFileType = sourcecode.swift; path = ContentView.swift; sourceTree = "<group>"; };
		31FCD86E2956E211008AE1C1 /* Assets.xcassets */ = {isa = PBXFileReference; lastKnownFileType = folder.assetcatalog; path = Assets.xcassets; sourceTree = "<group>"; };
		31FCD8712956E211008AE1C1 /* Preview Assets.xcassets */ = {isa = PBXFileReference; lastKnownFileType = folder.assetcatalog; path = "Preview Assets.xcassets"; sourceTree = "<group>"; };
		31FCD8732956E211008AE1C1 /* Githubdemo3.entitlements */ = {isa = PBXFileReference; lastKnownFileType = text.plist.entitlements; path = Githubdemo3.entitlements; sourceTree = "<group>"; };
		31FCD8782956E212008AE1C1 /* Githubdemo3Tests.xctest */ = {isa = PBXFileReference; explicitFileType = wrapper.cfbundle; includeInIndex = 0; path = Githubdemo3Tests.xctest; sourceTree = BUILT_PRODUCTS_DIR; };
		31FCD87C2956E212008AE1C1 /* Githubdemo3Tests.swift */ = {isa = PBXFileReference; lastKnownFileType = sourcecode.swift; path = Githubdemo3Tests.swift; sourceTree = "<group>"; };
		31FCD8822956E212008AE1C1 /* Githubdemo3UITests.xctest */ = {isa = PBXFileReference; explicitFileType = wrapper.cfbundle; includeInIndex = 0; path = Githubdemo3UITests.xctest; sourceTree = BUILT_PRODUCTS_DIR; };
		31FCD8862956E212008AE1C1 /* Githubdemo3UITests.swift */ = {isa = PBXFileReference; lastKnownFileType = sourcecode.swift; path = Githubdemo3UITests.swift; sourceTree = "<group>"; };
		31FCD8882956E212008AE1C1 /* Githubdemo3UITestsLaunchTests.swift */ = {isa = PBXFileReference; lastKnownFileType = sourcecode.swift; path = Githubdemo3UITestsLaunchTests.swift; sourceTree = "<group>"; };
/* End PBXFileReference section */

/* Begin PBXFrameworksBuildPhase section */
		31FCD8642956E20F008AE1C1 /* Frameworks */ = {
			isa = PBXFrameworksBuildPhase;
			buildActionMask = 2147483647;
			files = (
			);
			runOnlyForDeploymentPostprocessing = 0;
		};
		31FCD8752956E212008AE1C1 /* Frameworks */ = {
			isa = PBXFrameworksBuildPhase;
			buildActionMask = 2147483647;
			files = (
			);
			runOnlyForDeploymentPostprocessing = 0;
		};
		31FCD87F2956E212008AE1C1 /* Frameworks */ = {
			isa = PBXFrameworksBuildPhase;
			buildActionMask = 2147483647;
			files = (
			);
			runOnlyForDeploymentPostprocessing = 0;
		};
/* End PBXFrameworksBuildPhase section */

/* Begin PBXGroup section */
		31FCD85E2956E20F008AE1C1 = {
			isa = PBXGroup;
			children = (
				31FCD8692956E20F008AE1C1 /* Githubdemo3 */,
				31FCD87B2956E212008AE1C1 /* Githubdemo3Tests */,
				31FCD8852956E212008AE1C1 /* Githubdemo3UITests */,
				31FCD8682956E20F008AE1C1 /* Products */,
			);
			sourceTree = "<group>";
		};
		31FCD8682956E20F008AE1C1 /* Products */ = {
			isa = PBXGroup;
			children = (
				31FCD8672956E20F008AE1C1 /* Githubdemo3.app */,
				31FCD8782956E212008AE1C1 /* Githubdemo3Tests.xctest */,
				31FCD8822956E212008AE1C1 /* Githubdemo3UITests.xctest */,
			);
			name = Products;
			sourceTree = "<group>";
		};
		31FCD8692956E20F008AE1C1 /* Githubdemo3 */ = {
			isa = PBXGroup;
			children = (
				31FCD86A2956E20F008AE1C1 /* Githubdemo3App.swift */,
				31FCD86C2956E20F008AE1C1 /* ContentView.swift */,
				31FCD86E2956E211008AE1C1 /* Assets.xcassets */,
				31FCD8732956E211008AE1C1 /* Githubdemo3.entitlements */,
				31FCD8702956E211008AE1C1 /* Preview Content */,
			);
			path = Githubdemo3;
			sourceTree = "<group>";
		};
		31FCD8702956E211008AE1C1 /* Preview Content */ = {
			isa = PBXGroup;
			children = (
				31FCD8712956E211008AE1C1 /* Preview Assets.xcassets */,
			);
			path = "Preview Content";
			sourceTree = "<group>";
		};
		31FCD87B2956E212008AE1C1 /* Githubdemo3Tests */ = {
			isa = PBXGroup;
			children = (
				31FCD87C2956E212008AE1C1 /* Githubdemo3Tests.swift */,
			);
			path = Githubdemo3Tests;
			sourceTree = "<group>";
		};
		31FCD8852956E212008AE1C1 /* Githubdemo3UITests */ = {
			isa = PBXGroup;
			children = (
				31FCD8862956E212008AE1C1 /* Githubdemo3UITests.swift */,
				31FCD8882956E212008AE1C1 /* Githubdemo3UITestsLaunchTests.swift */,
			);
			path = Githubdemo3UITests;
			sourceTree = "<group>";
		};
/* End PBXGroup section */

/* Begin PBXNativeTarget section */
		31FCD8662956E20F008AE1C1 /* Githubdemo3 */ = {
			isa = PBXNativeTarget;
			buildConfigurationList = 31FCD88C2956E212008AE1C1 /* Build configuration list for PBXNativeTarget "Githubdemo3" */;
			buildPhases = (
				31FCD8632956E20F008AE1C1 /* Sources */,
				31FCD8642956E20F008AE1C1 /* Frameworks */,
				31FCD8652956E20F008AE1C1 /* Resources */,
			);
			buildRules = (
			);
			dependencies = (
			);
			name = Githubdemo3;
			productName = Githubdemo3;
			productReference = 31FCD8672956E20F008AE1C1 /* Githubdemo3.app */;
			productType = "com.apple.product-type.application";
		};
		31FCD8772956E212008AE1C1 /* Githubdemo3Tests */ = {
			isa = PBXNativeTarget;
			buildConfigurationList = 31FCD88F2956E212008AE1C1 /* Build configuration list for PBXNativeTarget "Githubdemo3Tests" */;
			buildPhases = (
				31FCD8742956E212008AE1C1 /* Sources */,
				31FCD8752956E212008AE1C1 /* Frameworks */,
				31FCD8762956E212008AE1C1 /* Resources */,
			);
			buildRules = (
			);
			dependencies = (
				31FCD87A2956E212008AE1C1 /* PBXTargetDependency */,
			);
			name = Githubdemo3Tests;
			productName = Githubdemo3Tests;
			productReference = 31FCD8782956E212008AE1C1 /* Githubdemo3Tests.xctest */;
			productType = "com.apple.product-type.bundle.unit-test";
		};
		31FCD8812956E212008AE1C1 /* Githubdemo3UITests */ = {
			isa = PBXNativeTarget;
			buildConfigurationList = 31FCD8922956E212008AE1C1 /* Build configuration list for PBXNativeTarget "Githubdemo3UITests" */;
			buildPhases = (
				31FCD87E2956E212008AE1C1 /* Sources */,
				31FCD87F2956E212008AE1C1 /* Frameworks */,
				31FCD8802956E212008AE1C1 /* Resources */,
			);
			buildRules = (
			);
			dependencies = (
				31FCD8842956E212008AE1C1 /* PBXTargetDependency */,
			);
			name = Githubdemo3UITests;
			productName = Githubdemo3UITests;
			productReference = 31FCD8822956E212008AE1C1 /* Githubdemo3UITests.xctest */;
			productType = "com.apple.product-type.bundle.ui-testing";
		};
/* End PBXNativeTarget section */

/* Begin PBXProject section */
		31FCD85F2956E20F008AE1C1 /* Project object */ = {
			isa = PBXProject;
			attributes = {
				BuildIndependentTargetsInParallel = 1;
				LastSwiftUpdateCheck = 1420;
				LastUpgradeCheck = 1420;
				TargetAttributes = {
					31FCD8662956E20F008AE1C1 = {
						CreatedOnToolsVersion = 14.2;
					};
					31FCD8772956E212008AE1C1 = {
						CreatedOnToolsVersion = 14.2;
						TestTargetID = 31FCD8662956E20F008AE1C1;
					};
					31FCD8812956E212008AE1C1 = {
						CreatedOnToolsVersion = 14.2;
						TestTargetID = 31FCD8662956E20F008AE1C1;
					};
				};
			};
			buildConfigurationList = 31FCD8622956E20F008AE1C1 /* Build configuration list for PBXProject "Githubdemo3" */;
			compatibilityVersion = "Xcode 14.0";
			developmentRegion = en;
			hasScannedForEncodings = 0;
			knownRegions = (
				en,
				Base,
			);
			mainGroup = 31FCD85E2956E20F008AE1C1;
			productRefGroup = 31FCD8682956E20F008AE1C1 /* Products */;
			projectDirPath = "";
			projectRoot = "";
			targets = (
				31FCD8662956E20F008AE1C1 /* Githubdemo3 */,
				31FCD8772956E212008AE1C1 /* Githubdemo3Tests */,
				31FCD8812956E212008AE1C1 /* Githubdemo3UITests */,
			);
		};
/* End PBXProject section */

/* Begin PBXResourcesBuildPhase section */
		31FCD8652956E20F008AE1C1 /* Resources */ = {
			isa = PBXResourcesBuildPhase;
			buildActionMask = 2147483647;
			files = (
				31FCD8722956E211008AE1C1 /* Preview Assets.xcassets in Resources */,
				31FCD86F2956E211008AE1C1 /* Assets.xcassets in Resources */,
			);
			runOnlyForDeploymentPostprocessing = 0;
		};
		31FCD8762956E212008AE1C1 /* Resources */ = {
			isa = PBXResourcesBuildPhase;
			buildActionMask = 2147483647;
			files = (
			);
			runOnlyForDeploymentPostprocessing = 0;
		};
		31FCD8802956E212008AE1C1 /* Resources */ = {
			isa = PBXResourcesBuildPhase;
			buildActionMask = 2147483647;
			files = (
			);
			runOnlyForDeploymentPostprocessing = 0;
		};
/* End PBXResourcesBuildPhase section */

/* Begin PBXSourcesBuildPhase section */
		31FCD8632956E20F008AE1C1 /* Sources */ = {
			isa = PBXSourcesBuildPhase;
			buildActionMask = 2147483647;
			files = (
				31FCD86D2956E20F008AE1C1 /* ContentView.swift in Sources */,
				31FCD86B2956E20F008AE1C1 /* Githubdemo3App.swift in Sources */,
			);
			runOnlyForDeploymentPostprocessing = 0;
		};
		31FCD8742956E212008AE1C1 /* Sources */ = {
			isa = PBXSourcesBuildPhase;
			buildActionMask = 2147483647;
			files = (
				31FCD87D2956E212008AE1C1 /* Githubdemo3Tests.swift in Sources */,
			);
			runOnlyForDeploymentPostprocessing = 0;
		};
		31FCD87E2956E212008AE1C1 /* Sources */ = {
			isa = PBXSourcesBuildPhase;
			buildActionMask = 2147483647;
			files = (
				31FCD8892956E212008AE1C1 /* Githubdemo3UITestsLaunchTests.swift in Sources */,
				31FCD8872956E212008AE1C1 /* Githubdemo3UITests.swift in Sources */,
			);
			runOnlyForDeploymentPostprocessing = 0;
		};
/* End PBXSourcesBuildPhase section */

/* Begin PBXTargetDependency section */
		31FCD87A2956E212008AE1C1 /* PBXTargetDependency */ = {
			isa = PBXTargetDependency;
			target = 31FCD8662956E20F008AE1C1 /* Githubdemo3 */;
			targetProxy = 31FCD8792956E212008AE1C1 /* PBXContainerItemProxy */;
		};
		31FCD8842956E212008AE1C1 /* PBXTargetDependency */ = {
			isa = PBXTargetDependency;
			target = 31FCD8662956E20F008AE1C1 /* Githubdemo3 */;
			targetProxy = 31FCD8832956E212008AE1C1 /* PBXContainerItemProxy */;
		};
/* End PBXTargetDependency section */

/* Begin XCBuildConfiguration section */
		31FCD88A2956E212008AE1C1 /* Debug */ = {
			isa = XCBuildConfiguration;
			buildSettings = {
				ALWAYS_SEARCH_USER_PATHS = NO;
				CLANG_ANALYZER_NONNULL = YES;
				CLANG_ANALYZER_NUMBER_OBJECT_CONVERSION = YES_AGGRESSIVE;
				CLANG_CXX_LANGUAGE_STANDARD = "gnu++20";
				CLANG_ENABLE_MODULES = YES;
				CLANG_ENABLE_OBJC_ARC = YES;
				CLANG_ENABLE_OBJC_WEAK = YES;
				CLANG_WARN_BLOCK_CAPTURE_AUTORELEASING = YES;
				CLANG_WARN_BOOL_CONVERSION = YES;
				CLANG_WARN_COMMA = YES;
				CLANG_WARN_CONSTANT_CONVERSION = YES;
				CLANG_WARN_DEPRECATED_OBJC_IMPLEMENTATIONS = YES;
				CLANG_WARN_DIRECT_OBJC_ISA_USAGE = YES_ERROR;
				CLANG_WARN_DOCUMENTATION_COMMENTS = YES;
				CLANG_WARN_EMPTY_BODY = YES;
				CLANG_WARN_ENUM_CONVERSION = YES;
				CLANG_WARN_INFINITE_RECURSION = YES;
				CLANG_WARN_INT_CONVERSION = YES;
				CLANG_WARN_NON_LITERAL_NULL_CONVERSION = YES;
				CLANG_WARN_OBJC_IMPLICIT_RETAIN_SELF = YES;
				CLANG_WARN_OBJC_LITERAL_CONVERSION = YES;
				CLANG_WARN_OBJC_ROOT_CLASS = YES_ERROR;
				CLANG_WARN_QUOTED_INCLUDE_IN_FRAMEWORK_HEADER = YES;
				CLANG_WARN_RANGE_LOOP_ANALYSIS = YES;
				CLANG_WARN_STRICT_PROTOTYPES = YES;
				CLANG_WARN_SUSPICIOUS_MOVE = YES;
				CLANG_WARN_UNGUARDED_AVAILABILITY = YES_AGGRESSIVE;
				CLANG_WARN_UNREACHABLE_CODE = YES;
				CLANG_WARN__DUPLICATE_METHOD_MATCH = YES;
				COPY_PHASE_STRIP = NO;
				DEBUG_INFORMATION_FORMAT = dwarf;
				ENABLE_STRICT_OBJC_MSGSEND = YES;
				ENABLE_TESTABILITY = YES;
				GCC_C_LANGUAGE_STANDARD = gnu11;
				GCC_DYNAMIC_NO_PIC = NO;
				GCC_NO_COMMON_BLOCKS = YES;
				GCC_OPTIMIZATION_LEVEL = 0;
				GCC_PREPROCESSOR_DEFINITIONS = (
					"DEBUG=1",
					"$(inherited)",
				);
				GCC_WARN_64_TO_32_BIT_CONVERSION = YES;
				GCC_WARN_ABOUT_RETURN_TYPE = YES_ERROR;
				GCC_WARN_UNDECLARED_SELECTOR = YES;
				GCC_WARN_UNINITIALIZED_AUTOS = YES_AGGRESSIVE;
				GCC_WARN_UNUSED_FUNCTION = YES;
				GCC_WARN_UNUSED_VARIABLE = YES;
				MACOSX_DEPLOYMENT_TARGET = 13.1;
				MTL_ENABLE_DEBUG_INFO = INCLUDE_SOURCE;
				MTL_FAST_MATH = YES;
				ONLY_ACTIVE_ARCH = YES;
				SDKROOT = macosx;
				SWIFT_ACTIVE_COMPILATION_CONDITIONS = DEBUG;
				SWIFT_OPTIMIZATION_LEVEL = "-Onone";
			};
			name = Debug;
		};
		31FCD88B2956E212008AE1C1 /* Release */ = {
			isa = XCBuildConfiguration;
			buildSettings = {
				ALWAYS_SEARCH_USER_PATHS = NO;
				CLANG_ANALYZER_NONNULL = YES;
				CLANG_ANALYZER_NUMBER_OBJECT_CONVERSION = YES_AGGRESSIVE;
				CLANG_CXX_LANGUAGE_STANDARD = "gnu++20";
				CLANG_ENABLE_MODULES = YES;
				CLANG_ENABLE_OBJC_ARC = YES;
				CLANG_ENABLE_OBJC_WEAK = YES;
				CLANG_WARN_BLOCK_CAPTURE_AUTORELEASING = YES;
				CLANG_WARN_BOOL_CONVERSION = YES;
				CLANG_WARN_COMMA = YES;
				CLANG_WARN_CONSTANT_CONVERSION = YES;
				CLANG_WARN_DEPRECATED_OBJC_IMPLEMENTATIONS = YES;
				CLANG_WARN_DIRECT_OBJC_ISA_USAGE = YES_ERROR;
				CLANG_WARN_DOCUMENTATION_COMMENTS = YES;
				CLANG_WARN_EMPTY_BODY = YES;
				CLANG_WARN_ENUM_CONVERSION = YES;
				CLANG_WARN_INFINITE_RECURSION = YES;
				CLANG_WARN_INT_CONVERSION = YES;
				CLANG_WARN_NON_LITERAL_NULL_CONVERSION = YES;
				CLANG_WARN_OBJC_IMPLICIT_RETAIN_SELF = YES;
				CLANG_WARN_OBJC_LITERAL_CONVERSION = YES;
				CLANG_WARN_OBJC_ROOT_CLASS = YES_ERROR;
				CLANG_WARN_QUOTED_INCLUDE_IN_FRAMEWORK_HEADER = YES;
				CLANG_WARN_RANGE_LOOP_ANALYSIS = YES;
				CLANG_WARN_STRICT_PROTOTYPES = YES;
				CLANG_WARN_SUSPICIOUS_MOVE = YES;
				CLANG_WARN_UNGUARDED_AVAILABILITY = YES_AGGRESSIVE;
				CLANG_WARN_UNREACHABLE_CODE = YES;
				CLANG_WARN__DUPLICATE_METHOD_MATCH = YES;
				COPY_PHASE_STRIP = NO;
				DEBUG_INFORMATION_FORMAT = "dwarf-with-dsym";
				ENABLE_NS_ASSERTIONS = NO;
				ENABLE_STRICT_OBJC_MSGSEND = YES;
				GCC_C_LANGUAGE_STANDARD = gnu11;
				GCC_NO_COMMON_BLOCKS = YES;
				GCC_WARN_64_TO_32_BIT_CONVERSION = YES;
				GCC_WARN_ABOUT_RETURN_TYPE = YES_ERROR;
				GCC_WARN_UNDECLARED_SELECTOR = YES;
				GCC_WARN_UNINITIALIZED_AUTOS = YES_AGGRESSIVE;
				GCC_WARN_UNUSED_FUNCTION = YES;
				GCC_WARN_UNUSED_VARIABLE = YES;
				MACOSX_DEPLOYMENT_TARGET = 13.1;
				MTL_ENABLE_DEBUG_INFO = NO;
				MTL_FAST_MATH = YES;
				SDKROOT = macosx;
				SWIFT_COMPILATION_MODE = wholemodule;
				SWIFT_OPTIMIZATION_LEVEL = "-O";
			};
			name = Release;
		};
		31FCD88D2956E212008AE1C1 /* Debug */ = {
			isa = XCBuildConfiguration;
			buildSettings = {
				ASSETCATALOG_COMPILER_APPICON_NAME = AppIcon;
				ASSETCATALOG_COMPILER_GLOBAL_ACCENT_COLOR_NAME = AccentColor;
				CODE_SIGN_ENTITLEMENTS = Githubdemo3/Githubdemo3.entitlements;
				CODE_SIGN_STYLE = Automatic;
				COMBINE_HIDPI_IMAGES = YES;
				CURRENT_PROJECT_VERSION = 1;
				DEVELOPMENT_ASSET_PATHS = "\"Githubdemo3/Preview Content\"";
				ENABLE_PREVIEWS = YES;
				GENERATE_INFOPLIST_FILE = YES;
				INFOPLIST_KEY_NSHumanReadableCopyright = "";
				LD_RUNPATH_SEARCH_PATHS = (
					"$(inherited)",
					"@executable_path/../Frameworks",
				);
				MARKETING_VERSION = 1.0;
				PRODUCT_BUNDLE_IDENTIFIER = check.Githubdemo3;
				PRODUCT_NAME = "$(TARGET_NAME)";
				SWIFT_EMIT_LOC_STRINGS = YES;
				SWIFT_VERSION = 5.0;
			};
			name = Debug;
		};
		31FCD88E2956E212008AE1C1 /* Release */ = {
			isa = XCBuildConfiguration;
			buildSettings = {
				ASSETCATALOG_COMPILER_APPICON_NAME = AppIcon;
				ASSETCATALOG_COMPILER_GLOBAL_ACCENT_COLOR_NAME = AccentColor;
				CODE_SIGN_ENTITLEMENTS = Githubdemo3/Githubdemo3.entitlements;
				CODE_SIGN_STYLE = Automatic;
				COMBINE_HIDPI_IMAGES = YES;
				CURRENT_PROJECT_VERSION = 1;
				DEVELOPMENT_ASSET_PATHS = "\"Githubdemo3/Preview Content\"";
				ENABLE_PREVIEWS = YES;
				GENERATE_INFOPLIST_FILE = YES;
				INFOPLIST_KEY_NSHumanReadableCopyright = "";
				LD_RUNPATH_SEARCH_PATHS = (
					"$(inherited)",
					"@executable_path/../Frameworks",
				);
				MARKETING_VERSION = 1.0;
				PRODUCT_BUNDLE_IDENTIFIER = check.Githubdemo3;
				PRODUCT_NAME = "$(TARGET_NAME)";
				SWIFT_EMIT_LOC_STRINGS = YES;
				SWIFT_VERSION = 5.0;
			};
			name = Release;
		};
		31FCD8902956E212008AE1C1 /* Debug */ = {
			isa = XCBuildConfiguration;
			buildSettings = {
				ALWAYS_EMBED_SWIFT_STANDARD_LIBRARIES = YES;
				BUNDLE_LOADER = "$(TEST_HOST)";
				CODE_SIGN_STYLE = Automatic;
				CURRENT_PROJECT_VERSION = 1;
				GENERATE_INFOPLIST_FILE = YES;
				MACOSX_DEPLOYMENT_TARGET = 13.1;
				MARKETING_VERSION = 1.0;
				PRODUCT_BUNDLE_IDENTIFIER = check.Githubdemo3Tests;
				PRODUCT_NAME = "$(TARGET_NAME)";
				SWIFT_EMIT_LOC_STRINGS = NO;
				SWIFT_VERSION = 5.0;
				TEST_HOST = "$(BUILT_PRODUCTS_DIR)/Githubdemo3.app/$(BUNDLE_EXECUTABLE_FOLDER_PATH)/Githubdemo3";
			};
			name = Debug;
		};
		31FCD8912956E212008AE1C1 /* Release */ = {
			isa = XCBuildConfiguration;
			buildSettings = {
				ALWAYS_EMBED_SWIFT_STANDARD_LIBRARIES = YES;
				BUNDLE_LOADER = "$(TEST_HOST)";
				CODE_SIGN_STYLE = Automatic;
				CURRENT_PROJECT_VERSION = 1;
				GENERATE_INFOPLIST_FILE = YES;
				MACOSX_DEPLOYMENT_TARGET = 13.1;
				MARKETING_VERSION = 1.0;
				PRODUCT_BUNDLE_IDENTIFIER = check.Githubdemo3Tests;
				PRODUCT_NAME = "$(TARGET_NAME)";
				SWIFT_EMIT_LOC_STRINGS = NO;
				SWIFT_VERSION = 5.0;
				TEST_HOST = "$(BUILT_PRODUCTS_DIR)/Githubdemo3.app/$(BUNDLE_EXECUTABLE_FOLDER_PATH)/Githubdemo3";
			};
			name = Release;
		};
		31FCD8932956E212008AE1C1 /* Debug */ = {
			isa = XCBuildConfiguration;
			buildSettings = {
				ALWAYS_EMBED_SWIFT_STANDARD_LIBRARIES = YES;
				CODE_SIGN_STYLE = Automatic;
				CURRENT_PROJECT_VERSION = 1;
				GENERATE_INFOPLIST_FILE = YES;
				MARKETING_VERSION = 1.0;
				PRODUCT_BUNDLE_IDENTIFIER = check.Githubdemo3UITests;
				PRODUCT_NAME = "$(TARGET_NAME)";
				SWIFT_EMIT_LOC_STRINGS = NO;
				SWIFT_VERSION = 5.0;
				TEST_TARGET_NAME = Githubdemo3;
			};
			name = Debug;
		};
		31FCD8942956E212008AE1C1 /* Release */ = {
			isa = XCBuildConfiguration;
			buildSettings = {
				ALWAYS_EMBED_SWIFT_STANDARD_LIBRARIES = YES;
				CODE_SIGN_STYLE = Automatic;
				CURRENT_PROJECT_VERSION = 1;
				GENERATE_INFOPLIST_FILE = YES;
				MARKETING_VERSION = 1.0;
				PRODUCT_BUNDLE_IDENTIFIER = check.Githubdemo3UITests;
				PRODUCT_NAME = "$(TARGET_NAME)";
				SWIFT_EMIT_LOC_STRINGS = NO;
				SWIFT_VERSION = 5.0;
				TEST_TARGET_NAME = Githubdemo3;
			};
			name = Release;
		};
/* End XCBuildConfiguration section */

/* Begin XCConfigurationList section */
		31FCD8622956E20F008AE1C1 /* Build configuration list for PBXProject "Githubdemo3" */ = {
			isa = XCConfigurationList;
			buildConfigurations = (
				31FCD88A2956E212008AE1C1 /* Debug */,
				31FCD88B2956E212008AE1C1 /* Release */,
			);
			defaultConfigurationIsVisible = 0;
			defaultConfigurationName = Release;
		};
		31FCD88C2956E212008AE1C1 /* Build configuration list for PBXNativeTarget "Githubdemo3" */ = {
			isa = XCConfigurationList;
			buildConfigurations = (
				31FCD88D2956E212008AE1C1 /* Debug */,
				31FCD88E2956E212008AE1C1 /* Release */,
			);
			defaultConfigurationIsVisible = 0;
			defaultConfigurationName = Release;
		};
		31FCD88F2956E212008AE1C1 /* Build configuration list for PBXNativeTarget "Githubdemo3Tests" */ = {
			isa = XCConfigurationList;
			buildConfigurations = (
				31FCD8902956E212008AE1C1 /* Debug */,
				31FCD8912956E212008AE1C1 /* Release */,
			);
			defaultConfigurationIsVisible = 0;
			defaultConfigurationName = Release;
		};
		31FCD8922956E212008AE1C1 /* Build configuration list for PBXNativeTarget "Githubdemo3UITests" */ = {
			isa = XCConfigurationList;
			buildConfigurations = (
				31FCD8932956E212008AE1C1 /* Debug */,
				31FCD8942956E212008AE1C1 /* Release */,
			);
			defaultConfigurationIsVisible = 0;
			defaultConfigurationName = Release;
		};
/* End XCConfigurationList section */
	};
	rootObject = 31FCD85F2956E20F008AE1C1 /* Project object */;
}
